# THIS IS AN AUTOGENERATED FILE. DO NOT EDIT THIS FILE DIRECTLY.
# yarn lockfile v1


amdefine@0.x.x:
  version "0.1.1"
  resolved "https://registry.yarnpkg.com/amdefine/-/amdefine-0.1.1.tgz#b5c75c532052dccd6a39c0064c772c8d57a06cd2"
  integrity sha1-tcdcUyBS3M1qOcAGTHcsjVegbNI=

jsonix@^2.4.1:
  version "2.4.1"
  resolved "https://registry.yarnpkg.com/jsonix/-/jsonix-2.4.1.tgz#7ca914a85a369f27b30f13cc0c15a2258b894b33"
  integrity sha1-fKkUqFo2nyezDxPMDBWiJYuJSzM=
  dependencies:
    amdefine "0.x.x"
    xmldom ">=0.1.21"
    xmlhttprequest "1.x.x"

xmldom@>=0.1.21:
  version "0.1.27"
  resolved "https://registry.yarnpkg.com/xmldom/-/xmldom-0.1.27.tgz#d501f97b3bdb403af8ef9ecc20573187aadac0e9"
  integrity sha1-1QH5ezvbQDr4757MIFcxh6rawOk=

xmlhttprequest@1.x.x:
  version "1.8.0"
  resolved "https://registry.yarnpkg.com/xmlhttprequest/-/xmlhttprequest-1.8.0.tgz#67fe075c5c24fef39f9d65f5f7b7fe75171968fc"
  integrity sha1-Z/4HXFwk/vOfnWX197f+dRcZaPw=
